// !$*UTF8*$!
{
	archiveVersion = 1;
	classes = {
	};
	objectVersion = 46;
	objects = {

/* Begin PBXBuildFile section */
		52D50C461B9FFDD10020B171 /* main.m in Sources */ = {isa = PBXBuildFile; fileRef = 52D50C451B9FFDD10020B171 /* main.m */; };
		52D50C491B9FFDD10020B171 /* AppDelegate.m in Sources */ = {isa = PBXBuildFile; fileRef = 52D50C481B9FFDD10020B171 /* AppDelegate.m */; };
		52D50C4C1B9FFDD10020B171 /* ViewController.m in Sources */ = {isa = PBXBuildFile; fileRef = 52D50C4B1B9FFDD10020B171 /* ViewController.m */; };
		52D50C4F1B9FFDD10020B171 /* Main.storyboard in Resources */ = {isa = PBXBuildFile; fileRef = 52D50C4D1B9FFDD10020B171 /* Main.storyboard */; };
		52D50C511B9FFDD10020B171 /* Images.xcassets in Resources */ = {isa = PBXBuildFile; fileRef = 52D50C501B9FFDD10020B171 /* Images.xcassets */; };
		52D50C541B9FFDD10020B171 /* LaunchScreen.xib in Resources */ = {isa = PBXBuildFile; fileRef = 52D50C521B9FFDD10020B171 /* LaunchScreen.xib */; };
		52D50C601B9FFDD10020B171 /* UCPlotViewTests.m in Sources */ = {isa = PBXBuildFile; fileRef = 52D50C5F1B9FFDD10020B171 /* UCPlotViewTests.m */; };
		52D50C6C1B9FFE220020B171 /* UCPlotView.m in Sources */ = {isa = PBXBuildFile; fileRef = 52D50C6B1B9FFE220020B171 /* UCPlotView.m */; };
		52D50C6E1BA005A30020B171 /* screenshot.png in Resources */ = {isa = PBXBuildFile; fileRef = 52D50C6D1BA005A30020B171 /* screenshot.png */; };
/* End PBXBuildFile section */

/* Begin PBXContainerItemProxy section */
		52D50C5A1B9FFDD10020B171 /* PBXContainerItemProxy */ = {
			isa = PBXContainerItemProxy;
			containerPortal = 52D50C381B9FFDD10020B171 /* Project object */;
			proxyType = 1;
			remoteGlobalIDString = 52D50C3F1B9FFDD10020B171;
			remoteInfo = UCPlotView;
		};
/* End PBXContainerItemProxy section */

/* Begin PBXFileReference section */
		52D50C401B9FFDD10020B171 /* UCPlotView.app */ = {isa = PBXFileReference; explicitFileType = wrapper.application; includeInIndex = 0; path = UCPlotView.app; sourceTree = BUILT_PRODUCTS_DIR; };
		52D50C441B9FFDD10020B171 /* Info.plist */ = {isa = PBXFileReference; lastKnownFileType = text.plist.xml; path = Info.plist; sourceTree = "<group>"; };
		52D50C451B9FFDD10020B171 /* main.m */ = {isa = PBXFileReference; lastKnownFileType = sourcecode.c.objc; path = main.m; sourceTree = "<group>"; };
		52D50C471B9FFDD10020B171 /* AppDelegate.h */ = {isa = PBXFileReference; lastKnownFileType = sourcecode.c.h; path = AppDelegate.h; sourceTree = "<group>"; };
		52D50C481B9FFDD10020B171 /* AppDelegate.m */ = {isa = PBXFileReference; lastKnownFileType = sourcecode.c.objc; path = AppDelegate.m; sourceTree = "<group>"; };
		52D50C4A1B9FFDD10020B171 /* ViewController.h */ = {isa = PBXFileReference; lastKnownFileType = sourcecode.c.h; path = ViewController.h; sourceTree = "<group>"; };
		52D50C4B1B9FFDD10020B171 /* ViewController.m */ = {isa = PBXFileReference; lastKnownFileType = sourcecode.c.objc; path = ViewController.m; sourceTree = "<group>"; };
		52D50C4E1B9FFDD10020B171 /* Base */ = {isa = PBXFileReference; lastKnownFileType = file.storyboard; name = Base; path = Base.lproj/Main.storyboard; sourceTree = "<group>"; };
		52D50C501B9FFDD10020B171 /* Images.xcassets */ = {isa = PBXFileReference; lastKnownFileType = folder.assetcatalog; path = Images.xcassets; sourceTree = "<group>"; };
		52D50C531B9FFDD10020B171 /* Base */ = {isa = PBXFileReference; lastKnownFileType = file.xib; name = Base; path = Base.lproj/LaunchScreen.xib; sourceTree = "<group>"; };
		52D50C591B9FFDD10020B171 /* UCPlotViewTests.xctest */ = {isa = PBXFileReference; explicitFileType = wrapper.cfbundle; includeInIndex = 0; path = UCPlotViewTests.xctest; sourceTree = BUILT_PRODUCTS_DIR; };
		52D50C5E1B9FFDD10020B171 /* Info.plist */ = {isa = PBXFileReference; lastKnownFileType = text.plist.xml; path = Info.plist; sourceTree = "<group>"; };
		52D50C5F1B9FFDD10020B171 /* UCPlotViewTests.m */ = {isa = PBXFileReference; lastKnownFileType = sourcecode.c.objc; path = UCPlotViewTests.m; sourceTree = "<group>"; };
		52D50C6A1B9FFE220020B171 /* UCPlotView.h */ = {isa = PBXFileReference; fileEncoding = 4; lastKnownFileType = sourcecode.c.h; path = UCPlotView.h; sourceTree = "<group>"; };
		52D50C6B1B9FFE220020B171 /* UCPlotView.m */ = {isa = PBXFileReference; fileEncoding = 4; lastKnownFileType = sourcecode.c.objc; path = UCPlotView.m; sourceTree = "<group>"; };
		52D50C6D1BA005A30020B171 /* screenshot.png */ = {isa = PBXFileReference; lastKnownFileType = image.png; path = screenshot.png; sourceTree = "<group>"; };
/* End PBXFileReference section */

/* Begin PBXFrameworksBuildPhase section */
		52D50C3D1B9FFDD10020B171 /* Frameworks */ = {
			isa = PBXFrameworksBuildPhase;
			buildActionMask = 2147483647;
			files = (
			);
			runOnlyForDeploymentPostprocessing = 0;
		};
		52D50C561B9FFDD10020B171 /* Frameworks */ = {
			isa = PBXFrameworksBuildPhase;
			buildActionMask = 2147483647;
			files = (
			);
			runOnlyForDeploymentPostprocessing = 0;
		};
/* End PBXFrameworksBuildPhase section */

/* Begin PBXGroup section */
		52D50C371B9FFDD10020B171 = {
			isa = PBXGroup;
			children = (
				52D50C421B9FFDD10020B171 /* UCPlotView */,
				52D50C5C1B9FFDD10020B171 /* UCPlotViewTests */,
				52D50C411B9FFDD10020B171 /* Products */,
			);
			sourceTree = "<group>";
		};
		52D50C411B9FFDD10020B171 /* Products */ = {
			isa = PBXGroup;
			children = (
				52D50C401B9FFDD10020B171 /* UCPlotView.app */,
				52D50C591B9FFDD10020B171 /* UCPlotViewTests.xctest */,
			);
			name = Products;
			sourceTree = "<group>";
		};
		52D50C421B9FFDD10020B171 /* UCPlotView */ = {
			isa = PBXGroup;
			children = (
				52D50C691B9FFE220020B171 /* UCPlotView */,
				52D50C471B9FFDD10020B171 /* AppDelegate.h */,
				52D50C481B9FFDD10020B171 /* AppDelegate.m */,
				52D50C4A1B9FFDD10020B171 /* ViewController.h */,
				52D50C4B1B9FFDD10020B171 /* ViewController.m */,
				52D50C4D1B9FFDD10020B171 /* Main.storyboard */,
				52D50C501B9FFDD10020B171 /* Images.xcassets */,
				52D50C521B9FFDD10020B171 /* LaunchScreen.xib */,
				52D50C431B9FFDD10020B171 /* Supporting Files */,
			);
			path = UCPlotView;
			sourceTree = "<group>";
		};
		52D50C431B9FFDD10020B171 /* Supporting Files */ = {
			isa = PBXGroup;
			children = (
				52D50C6D1BA005A30020B171 /* screenshot.png */,
				52D50C441B9FFDD10020B171 /* Info.plist */,
				52D50C451B9FFDD10020B171 /* main.m */,
			);
			name = "Supporting Files";
			sourceTree = "<group>";
		};
		52D50C5C1B9FFDD10020B171 /* UCPlotViewTests */ = {
			isa = PBXGroup;
			children = (
				52D50C5F1B9FFDD10020B171 /* UCPlotViewTests.m */,
				52D50C5D1B9FFDD10020B171 /* Supporting Files */,
			);
			path = UCPlotViewTests;
			sourceTree = "<group>";
		};
		52D50C5D1B9FFDD10020B171 /* Supporting Files */ = {
			isa = PBXGroup;
			children = (
				52D50C5E1B9FFDD10020B171 /* Info.plist */,
			);
			name = "Supporting Files";
			sourceTree = "<group>";
		};
		52D50C691B9FFE220020B171 /* UCPlotView */ = {
			isa = PBXGroup;
			children = (
				52D50C6A1B9FFE220020B171 /* UCPlotView.h */,
				52D50C6B1B9FFE220020B171 /* UCPlotView.m */,
			);
			path = UCPlotView;
			sourceTree = "<group>";
		};
/* End PBXGroup section */

/* Begin PBXNativeTarget section */
		52D50C3F1B9FFDD10020B171 /* UCPlotView */ = {
			isa = PBXNativeTarget;
			buildConfigurationList = 52D50C631B9FFDD10020B171 /* Build configuration list for PBXNativeTarget "UCPlotView" */;
			buildPhases = (
				52D50C3C1B9FFDD10020B171 /* Sources */,
				52D50C3D1B9FFDD10020B171 /* Frameworks */,
				52D50C3E1B9FFDD10020B171 /* Resources */,
			);
			buildRules = (
			);
			dependencies = (
			);
			name = UCPlotView;
			productName = UCPlotView;
			productReference = 52D50C401B9FFDD10020B171 /* UCPlotView.app */;
			productType = "com.apple.product-type.application";
		};
		52D50C581B9FFDD10020B171 /* UCPlotViewTests */ = {
			isa = PBXNativeTarget;
			buildConfigurationList = 52D50C661B9FFDD10020B171 /* Build configuration list for PBXNativeTarget "UCPlotViewTests" */;
			buildPhases = (
				52D50C551B9FFDD10020B171 /* Sources */,
				52D50C561B9FFDD10020B171 /* Frameworks */,
				52D50C571B9FFDD10020B171 /* Resources */,
			);
			buildRules = (
			);
			dependencies = (
				52D50C5B1B9FFDD10020B171 /* PBXTargetDependency */,
			);
			name = UCPlotViewTests;
			productName = UCPlotViewTests;
			productReference = 52D50C591B9FFDD10020B171 /* UCPlotViewTests.xctest */;
			productType = "com.apple.product-type.bundle.unit-test";
		};
/* End PBXNativeTarget section */

/* Begin PBXProject section */
		52D50C381B9FFDD10020B171 /* Project object */ = {
			isa = PBXProject;
			attributes = {
				LastUpgradeCheck = 0640;
				ORGANIZATIONNAME = Yuch;
				TargetAttributes = {
					52D50C3F1B9FFDD10020B171 = {
						CreatedOnToolsVersion = 6.4;
					};
					52D50C581B9FFDD10020B171 = {
						CreatedOnToolsVersion = 6.4;
						TestTargetID = 52D50C3F1B9FFDD10020B171;
					};
				};
			};
			buildConfigurationList = 52D50C3B1B9FFDD10020B171 /* Build configuration list for PBXProject "UCPlotView" */;
			compatibilityVersion = "Xcode 3.2";
			developmentRegion = English;
			hasScannedForEncodings = 0;
			knownRegions = (
				en,
				Base,
			);
			mainGroup = 52D50C371B9FFDD10020B171;
			productRefGroup = 52D50C411B9FFDD10020B171 /* Products */;
			projectDirPath = "";
			projectRoot = "";
			targets = (
				52D50C3F1B9FFDD10020B171 /* UCPlotView */,
				52D50C581B9FFDD10020B171 /* UCPlotViewTests */,
			);
		};
/* End PBXProject section */

/* Begin PBXResourcesBuildPhase section */
		52D50C3E1B9FFDD10020B171 /* Resources */ = {
			isa = PBXResourcesBuildPhase;
			buildActionMask = 2147483647;
			files = (
				52D50C4F1B9FFDD10020B171 /* Main.storyboard in Resources */,
				52D50C541B9FFDD10020B171 /* LaunchScreen.xib in Resources */,
				52D50C511B9FFDD10020B171 /* Images.xcassets in Resources */,
				52D50C6E1BA005A30020B171 /* screenshot.png in Resources */,
			);
			runOnlyForDeploymentPostprocessing = 0;
		};
		52D50C571B9FFDD10020B171 /* Resources */ = {
			isa = PBXResourcesBuildPhase;
			buildActionMask = 2147483647;
			files = (
			);
			runOnlyForDeploymentPostprocessing = 0;
		};
/* End PBXResourcesBuildPhase section */

/* Begin PBXSourcesBuildPhase section */
		52D50C3C1B9FFDD10020B171 /* Sources */ = {
			isa = PBXSourcesBuildPhase;
			buildActionMask = 2147483647;
			files = (
				52D50C4C1B9FFDD10020B171 /* ViewController.m in Sources */,
				52D50C6C1B9FFE220020B171 /* UCPlotView.m in Sources */,
				52D50C491B9FFDD10020B171 /* AppDelegate.m in Sources */,
				52D50C461B9FFDD10020B171 /* main.m in Sources */,
			);
			runOnlyForDeploymentPostprocessing = 0;
		};
		52D50C551B9FFDD10020B171 /* Sources */ = {
			isa = PBXSourcesBuildPhase;
			buildActionMask = 2147483647;
			files = (
				52D50C601B9FFDD10020B171 /* UCPlotViewTests.m in Sources */,
			);
			runOnlyForDeploymentPostprocessing = 0;
		};
/* End PBXSourcesBuildPhase section */

/* Begin PBXTargetDependency section */
		52D50C5B1B9FFDD10020B171 /* PBXTargetDependency */ = {
			isa = PBXTargetDependency;
			target = 52D50C3F1B9FFDD10020B171 /* UCPlotView */;
			targetProxy = 52D50C5A1B9FFDD10020B171 /* PBXContainerItemProxy */;
		};
/* End PBXTargetDependency section */

/* Begin PBXVariantGroup section */
		52D50C4D1B9FFDD10020B171 /* Main.storyboard */ = {
			isa = PBXVariantGroup;
			children = (
				52D50C4E1B9FFDD10020B171 /* Base */,
			);
			name = Main.storyboard;
			sourceTree = "<group>";
		};
		52D50C521B9FFDD10020B171 /* LaunchScreen.xib */ = {
			isa = PBXVariantGroup;
			children = (
				52D50C531B9FFDD10020B171 /* Base */,
			);
			name = LaunchScreen.xib;
			sourceTree = "<group>";
		};
/* End PBXVariantGroup section */

/* Begin XCBuildConfiguration section */
		52D50C611B9FFDD10020B171 /* Debug */ = {
			isa = XCBuildConfiguration;
			buildSettings = {
				ALWAYS_SEARCH_USER_PATHS = NO;
				CLANG_CXX_LANGUAGE_STANDARD = "gnu++0x";
				CLANG_CXX_LIBRARY = "libc++";
				CLANG_ENABLE_MODULES = YES;
				CLANG_ENABLE_OBJC_ARC = YES;
				CLANG_WARN_BOOL_CONVERSION = YES;
				CLANG_WARN_CONSTANT_CONVERSION = YES;
				CLANG_WARN_DIRECT_OBJC_ISA_USAGE = YES_ERROR;
				CLANG_WARN_EMPTY_BODY = YES;
				CLANG_WARN_ENUM_CONVERSION = YES;
				CLANG_WARN_INT_CONVERSION = YES;
				CLANG_WARN_OBJC_ROOT_CLASS = YES_ERROR;
				CLANG_WARN_UNREACHABLE_CODE = YES;
				CLANG_WARN__DUPLICATE_METHOD_MATCH = YES;
				"CODE_SIGN_IDENTITY[sdk=iphoneos*]" = "iPhone Developer";
				COPY_PHASE_STRIP = NO;
				DEBUG_INFORMATION_FORMAT = "dwarf-with-dsym";
				ENABLE_STRICT_OBJC_MSGSEND = YES;
				GCC_C_LANGUAGE_STANDARD = gnu99;
				GCC_DYNAMIC_NO_PIC = NO;
				GCC_NO_COMMON_BLOCKS = YES;
				GCC_OPTIMIZATION_LEVEL = 0;
				GCC_PREPROCESSOR_DEFINITIONS = (
					"DEBUG=1",
					"$(inherited)",
				);
				GCC_SYMBOLS_PRIVATE_EXTERN = NO;
				GCC_WARN_64_TO_32_BIT_CONVERSION = YES;
				GCC_WARN_ABOUT_RETURN_TYPE = YES_ERROR;
				GCC_WARN_UNDECLARED_SELECTOR = YES;
				GCC_WARN_UNINITIALIZED_AUTOS = YES_AGGRESSIVE;
				GCC_WARN_UNUSED_FUNCTION = YES;
				GCC_WARN_UNUSED_VARIABLE = YES;
				IPHONEOS_DEPLOYMENT_TARGET = 8.4;
				MTL_ENABLE_DEBUG_INFO = YES;
				ONLY_ACTIVE_ARCH = YES;
				SDKROOT = iphoneos;
				TARGETED_DEVICE_FAMILY = "1,2";
			};
			name = Debug;
		};
		52D50C621B9FFDD10020B171 /* Release */ = {
			isa = XCBuildConfiguration;
			buildSettings = {
				ALWAYS_SEARCH_USER_PATHS = NO;
				CLANG_CXX_LANGUAGE_STANDARD = "gnu++0x";
				CLANG_CXX_LIBRARY = "libc++";
				CLANG_ENABLE_MODULES = YES;
				CLANG_ENABLE_OBJC_ARC = YES;
				CLANG_WARN_BOOL_CONVERSION = YES;
				CLANG_WARN_CONSTANT_CONVERSION = YES;
				CLANG_WARN_DIRECT_OBJC_ISA_USAGE = YES_ERROR;
				CLANG_WARN_EMPTY_BODY = YES;
				CLANG_WARN_ENUM_CONVERSION = YES;
				CLANG_WARN_INT_CONVERSION = YES;
				CLANG_WARN_OBJC_ROOT_CLASS = YES_ERROR;
				CLANG_WARN_UNREACHABLE_CODE = YES;
				CLANG_WARN__DUPLICATE_METHOD_MATCH = YES;
				"CODE_SIGN_IDENTITY[sdk=iphoneos*]" = "iPhone Developer";
				COPY_PHASE_STRIP = NO;
				DEBUG_INFORMATION_FORMAT = "dwarf-with-dsym";
				ENABLE_NS_ASSERTIONS = NO;
				ENABLE_STRICT_OBJC_MSGSEND = YES;
				GCC_C_LANGUAGE_STANDARD = gnu99;
				GCC_NO_COMMON_BLOCKS = YES;
				GCC_WARN_64_TO_32_BIT_CONVERSION = YES;
				GCC_WARN_ABOUT_RETURN_TYPE = YES_ERROR;
				GCC_WARN_UNDECLARED_SELECTOR = YES;
				GCC_WARN_UNINITIALIZED_AUTOS = YES_AGGRESSIVE;
				GCC_WARN_UNUSED_FUNCTION = YES;
				GCC_WARN_UNUSED_VARIABLE = YES;
				IPHONEOS_DEPLOYMENT_TARGET = 8.4;
				MTL_ENABLE_DEBUG_INFO = NO;
				SDKROOT = iphoneos;
				TARGETED_DEVICE_FAMILY = "1,2";
				VALIDATE_PRODUCT = YES;
			};
			name = Release;
		};
		52D50C641B9FFDD10020B171 /* Debug */ = {
			isa = XCBuildConfiguration;
			buildSettings = {
				ASSETCATALOG_COMPILER_APPICON_NAME = AppIcon;
				INFOPLIST_FILE = UCPlotView/Info.plist;
				LD_RUNPATH_SEARCH_PATHS = "$(inherited) @executable_path/Frameworks";
				PRODUCT_NAME = "$(TARGET_NAME)";
			};
			name = Debug;
		};
		52D50C651B9FFDD10020B171 /* Release */ = {
			isa = XCBuildConfiguration;
			buildSettings = {
				ASSETCATALOG_COMPILER_APPICON_NAME = AppIcon;
				INFOPLIST_FILE = UCPlotView/Info.plist;
				LD_RUNPATH_SEARCH_PATHS = "$(inherited) @executable_path/Frameworks";
				PRODUCT_NAME = "$(TARGET_NAME)";
			};
			name = Release;
		};
		52D50C671B9FFDD10020B171 /* Debug */ = {
			isa = XCBuildConfiguration;
			buildSettings = {
				BUNDLE_LOADER = "$(TEST_HOST)";
				FRAMEWORK_SEARCH_PATHS = (
					"$(SDKROOT)/Developer/Library/Frameworks",
					"$(inherited)",
				);
				GCC_PREPROCESSOR_DEFINITIONS = (
					"DEBUG=1",
					"$(inherited)",
				);
				INFOPLIST_FILE = UCPlotViewTests/Info.plist;
				LD_RUNPATH_SEARCH_PATHS = "$(inherited) @executable_path/Frameworks @loader_path/Frameworks";
				PRODUCT_NAME = "$(TARGET_NAME)";
				TEST_HOST = "$(BUILT_PRODUCTS_DIR)/UCPlotView.app/UCPlotView";
			};
			name = Debug;
		};
		52D50C681B9FFDD10020B171 /* Release */ = {
			isa = XCBuildConfiguration;
			buildSettings = {
				BUNDLE_LOADER = "$(TEST_HOST)";
				FRAMEWORK_SEARCH_PATHS = (
					"$(SDKROOT)/Developer/Library/Frameworks",
					"$(inherited)",
				);
				INFOPLIST_FILE = UCPlotViewTests/Info.plist;
				LD_RUNPATH_SEARCH_PATHS = "$(inherited) @executable_path/Frameworks @loader_path/Frameworks";
				PRODUCT_NAME = "$(TARGET_NAME)";
				TEST_HOST = "$(BUILT_PRODUCTS_DIR)/UCPlotView.app/UCPlotView";
			};
			name = Release;
		};
/* End XCBuildConfiguration section */

/* Begin XCConfigurationList section */
		52D50C3B1B9FFDD10020B171 /* Build configuration list for PBXProject "UCPlotView" */ = {
			isa = XCConfigurationList;
			buildConfigurations = (
				52D50C611B9FFDD10020B171 /* Debug */,
				52D50C621B9FFDD10020B171 /* Release */,
			);
			defaultConfigurationIsVisible = 0;
			defaultConfigurationName = Release;
		};
		52D50C631B9FFDD10020B171 /* Build configuration list for PBXNativeTarget "UCPlotView" */ = {
			isa = XCConfigurationList;
			buildConfigurations = (
				52D50C641B9FFDD10020B171 /* Debug */,
				52D50C651B9FFDD10020B171 /* Release */,
			);
			defaultConfigurationIsVisible = 0;
		};
		52D50C661B9FFDD10020B171 /* Build configuration list for PBXNativeTarget "UCPlotViewTests" */ = {
			isa = XCConfigurationList;
			buildConfigurations = (
				52D50C671B9FFDD10020B171 /* Debug */,
				52D50C681B9FFDD10020B171 /* Release */,
			);
			defaultConfigurationIsVisible = 0;
		};
/* End XCConfigurationList section */
	};
	rootObject = 52D50C381B9FFDD10020B171 /* Project object */;
}
